
Microsoft Visual Studio Solution File, Format Version 12.00
# Visual Studio 15
Project("{FAE04EC0-301F-11D3-BF4B-00C04F79EFBC}") = "eBot", "eBot\eBot.csproj", "{02F2D9B5-5161-4879-9BB8-E1E2FAAB6B44}"
EndProject
Global
	GlobalSection(SolutionConfigurationPlatforms) = preSolution
		Debug|Any CPU = Debug|Any CPU
		Release|Any CPU = Release|Any CPU
	EndGlobalSection
	GlobalSection(ProjectConfigurationPlatforms) = postSolution
		{02F2D9B5-5161-4879-9BB8-E1E2FAAB6B44}.Debug|Any CPU.ActiveCfg = Debug|Any CPU
		{02F2D9B5-5161-4879-9BB8-E1E2FAAB6B44}.Debug|Any CPU.Build.0 = Debug|Any CPU
		{02F2D9B5-5161-4879-9BB8-E1E2FAAB6B44}.Release|Any CPU.ActiveCfg = Release|Any CPU
		{02F2D9B5-5161-4879-9BB8-E1E2FAAB6B44}.Release|Any CPU.Build.0 = Release|Any CPU
	EndGlobalSection
EndGlobal
